# This file is automatically @generated by Cargo.
# It is not intended for manual editing.
version = 4

[[package]]
name = "csv_to_ics"
version = "0.1.0"
dependencies = [
 "ics",
]

[[package]]
name = "ics"
version = "0.5.8"
source = "registry+https://github.com/rust-lang/crates.io-index"
checksum = "3ebec52f461ade2d19e7b594ecbcd0723ba0ab0eefa8aae2281b78ff461a91fa"
